// !$*UTF8*$!
{
	archiveVersion = 1;
	classes = {
	};
	objectVersion = 46;
	objects = {

/* Begin PBXBuildFile section */
		C9008CA917C1665100A85121 /* UIImage+Alpha.m in Sources */ = {isa = PBXBuildFile; fileRef = C9008CA817C1665100A85121 /* UIImage+Alpha.m */; };
		C9008CB117C17DB000A85121 /* Photos.png in Resources */ = {isa = PBXBuildFile; fileRef = C9008CB017C17DB000A85121 /* Photos.png */; };
		C9008CD117C1857F00A85121 /* Alki_Beach_Sunrise.png in Resources */ = {isa = PBXBuildFile; fileRef = C9008CC717C1857F00A85121 /* Alki_Beach_Sunrise.png */; };
		C9008CD217C1857F00A85121 /* Blue_Mountain.png in Resources */ = {isa = PBXBuildFile; fileRef = C9008CC817C1857F00A85121 /* Blue_Mountain.png */; };
		C9008CD317C1857F00A85121 /* Emptiness.png in Resources */ = {isa = PBXBuildFile; fileRef = C9008CC917C1857F00A85121 /* Emptiness.png */; };
		C9008CD417C1857F00A85121 /* Fire_Beach.png in Resources */ = {isa = PBXBuildFile; fileRef = C9008CCA17C1857F00A85121 /* Fire_Beach.png */; };
		C9008CD517C1857F00A85121 /* Lake_Murten.png in Resources */ = {isa = PBXBuildFile; fileRef = C9008CCB17C1857F00A85121 /* Lake_Murten.png */; };
		C9008CD617C1857F00A85121 /* Lastrays.png in Resources */ = {isa = PBXBuildFile; fileRef = C9008CCC17C1857F00A85121 /* Lastrays.png */; };
		C9008CD717C1857F00A85121 /* Maui_Pastel.png in Resources */ = {isa = PBXBuildFile; fileRef = C9008CCD17C1857F00A85121 /* Maui_Pastel.png */; };
		C9008CD917C1857F00A85121 /* Morning_Dew_Drop.png in Resources */ = {isa = PBXBuildFile; fileRef = C9008CCF17C1857F00A85121 /* Morning_Dew_Drop.png */; };
		C9008CDA17C1857F00A85121 /* Purple.png in Resources */ = {isa = PBXBuildFile; fileRef = C9008CD017C1857F00A85121 /* Purple.png */; };
		C9008CDE17C1B8A400A85121 /* UIImage+Mask.m in Sources */ = {isa = PBXBuildFile; fileRef = C9008CDD17C1B8A400A85121 /* UIImage+Mask.m */; };
		C90763C317C3134100E85BB3 /* DoublePhotos@2x.png in Resources */ = {isa = PBXBuildFile; fileRef = C90763C117C3134100E85BB3 /* DoublePhotos@2x.png */; };
		C90763C417C3134100E85BB3 /* DoublePhotos.png in Resources */ = {isa = PBXBuildFile; fileRef = C90763C217C3134100E85BB3 /* DoublePhotos.png */; };
		C9662C2317C1418800B4C8F4 /* Photos@2x.png in Resources */ = {isa = PBXBuildFile; fileRef = C9662C2217C1418800B4C8F4 /* Photos@2x.png */; };
		C9D7E26E17C05056002466D5 /* Foundation.framework in Frameworks */ = {isa = PBXBuildFile; fileRef = C9D7E26D17C05056002466D5 /* Foundation.framework */; };
		C9D7E27017C05056002466D5 /* CoreGraphics.framework in Frameworks */ = {isa = PBXBuildFile; fileRef = C9D7E26F17C05056002466D5 /* CoreGraphics.framework */; };
		C9D7E27217C05056002466D5 /* UIKit.framework in Frameworks */ = {isa = PBXBuildFile; fileRef = C9D7E27117C05056002466D5 /* UIKit.framework */; };
		C9D7E27817C05056002466D5 /* InfoPlist.strings in Resources */ = {isa = PBXBuildFile; fileRef = C9D7E27617C05056002466D5 /* InfoPlist.strings */; };
		C9D7E27A17C05056002466D5 /* main.m in Sources */ = {isa = PBXBuildFile; fileRef = C9D7E27917C05056002466D5 /* main.m */; };
		C9D7E27E17C05056002466D5 /* MTZAppDelegate.m in Sources */ = {isa = PBXBuildFile; fileRef = C9D7E27D17C05056002466D5 /* MTZAppDelegate.m */; };
		C9D7E28117C05056002466D5 /* Main.storyboard in Resources */ = {isa = PBXBuildFile; fileRef = C9D7E27F17C05056002466D5 /* Main.storyboard */; };
		C9D7E28417C05056002466D5 /* MTZViewController.m in Sources */ = {isa = PBXBuildFile; fileRef = C9D7E28317C05056002466D5 /* MTZViewController.m */; };
		C9D7E28617C05056002466D5 /* Images.xcassets in Resources */ = {isa = PBXBuildFile; fileRef = C9D7E28517C05056002466D5 /* Images.xcassets */; };
		C9D7E28D17C05056002466D5 /* XCTest.framework in Frameworks */ = {isa = PBXBuildFile; fileRef = C9D7E28C17C05056002466D5 /* XCTest.framework */; };
		C9D7E28E17C05056002466D5 /* Foundation.framework in Frameworks */ = {isa = PBXBuildFile; fileRef = C9D7E26D17C05056002466D5 /* Foundation.framework */; };
		C9D7E28F17C05056002466D5 /* UIKit.framework in Frameworks */ = {isa = PBXBuildFile; fileRef = C9D7E27117C05056002466D5 /* UIKit.framework */; };
		C9D7E29717C05056002466D5 /* InfoPlist.strings in Resources */ = {isa = PBXBuildFile; fileRef = C9D7E29517C05056002466D5 /* InfoPlist.strings */; };
		C9D7E29917C05056002466D5 /* PushBackTests.m in Sources */ = {isa = PBXBuildFile; fileRef = C9D7E29817C05056002466D5 /* PushBackTests.m */; };
		C9D7E2A417C05065002466D5 /* MTZPushBackButton.m in Sources */ = {isa = PBXBuildFile; fileRef = C9D7E2A317C05065002466D5 /* MTZPushBackButton.m */; };
/* End PBXBuildFile section */

/* Begin PBXContainerItemProxy section */
		C9D7E29017C05056002466D5 /* PBXContainerItemProxy */ = {
			isa = PBXContainerItemProxy;
			containerPortal = C9D7E26217C05056002466D5 /* Project object */;
			proxyType = 1;
			remoteGlobalIDString = C9D7E26917C05056002466D5;
			remoteInfo = PushBack;
		};
/* End PBXContainerItemProxy section */

/* Begin PBXFileReference section */
		C9008CA717C1664C00A85121 /* UIImage+Alpha.h */ = {isa = PBXFileReference; fileEncoding = 4; lastKnownFileType = sourcecode.c.h; path = "UIImage+Alpha.h"; sourceTree = "<group>"; };
		C9008CA817C1665100A85121 /* UIImage+Alpha.m */ = {isa = PBXFileReference; fileEncoding = 4; lastKnownFileType = sourcecode.c.objc; path = "UIImage+Alpha.m"; sourceTree = "<group>"; };
		C9008CB017C17DB000A85121 /* Photos.png */ = {isa = PBXFileReference; lastKnownFileType = image.png; path = Photos.png; sourceTree = "<group>"; };
		C9008CC717C1857F00A85121 /* Alki_Beach_Sunrise.png */ = {isa = PBXFileReference; lastKnownFileType = image.png; name = Alki_Beach_Sunrise.png; path = Wallpapers/Alki_Beach_Sunrise.png; sourceTree = "<group>"; };
		C9008CC817C1857F00A85121 /* Blue_Mountain.png */ = {isa = PBXFileReference; lastKnownFileType = image.png; name = Blue_Mountain.png; path = Wallpapers/Blue_Mountain.png; sourceTree = "<group>"; };
		C9008CC917C1857F00A85121 /* Emptiness.png */ = {isa = PBXFileReference; lastKnownFileType = image.png; name = Emptiness.png; path = Wallpapers/Emptiness.png; sourceTree = "<group>"; };
		C9008CCA17C1857F00A85121 /* Fire_Beach.png */ = {isa = PBXFileReference; lastKnownFileType = image.png; name = Fire_Beach.png; path = Wallpapers/Fire_Beach.png; sourceTree = "<group>"; };
		C9008CCB17C1857F00A85121 /* Lake_Murten.png */ = {isa = PBXFileReference; lastKnownFileType = image.png; name = Lake_Murten.png; path = Wallpapers/Lake_Murten.png; sourceTree = "<group>"; };
		C9008CCC17C1857F00A85121 /* Lastrays.png */ = {isa = PBXFileReference; lastKnownFileType = image.png; name = Lastrays.png; path = Wallpapers/Lastrays.png; sourceTree = "<group>"; };
		C9008CCD17C1857F00A85121 /* Maui_Pastel.png */ = {isa = PBXFileReference; lastKnownFileType = image.png; name = Maui_Pastel.png; path = Wallpapers/Maui_Pastel.png; sourceTree = "<group>"; };
		C9008CCF17C1857F00A85121 /* Morning_Dew_Drop.png */ = {isa = PBXFileReference; lastKnownFileType = image.png; name = Morning_Dew_Drop.png; path = Wallpapers/Morning_Dew_Drop.png; sourceTree = "<group>"; };
		C9008CD017C1857F00A85121 /* Purple.png */ = {isa = PBXFileReference; lastKnownFileType = image.png; name = Purple.png; path = Wallpapers/Purple.png; sourceTree = "<group>"; };
		C9008CDC17C1B8A400A85121 /* UIImage+Mask.h */ = {isa = PBXFileReference; fileEncoding = 4; lastKnownFileType = sourcecode.c.h; path = "UIImage+Mask.h"; sourceTree = "<group>"; };
		C9008CDD17C1B8A400A85121 /* UIImage+Mask.m */ = {isa = PBXFileReference; fileEncoding = 4; lastKnownFileType = sourcecode.c.objc; path = "UIImage+Mask.m"; sourceTree = "<group>"; };
		C90763C117C3134100E85BB3 /* DoublePhotos@2x.png */ = {isa = PBXFileReference; lastKnownFileType = image.png; path = "DoublePhotos@2x.png"; sourceTree = "<group>"; };
		C90763C217C3134100E85BB3 /* DoublePhotos.png */ = {isa = PBXFileReference; lastKnownFileType = image.png; path = DoublePhotos.png; sourceTree = "<group>"; };
		C9662C2217C1418800B4C8F4 /* Photos@2x.png */ = {isa = PBXFileReference; lastKnownFileType = image.png; path = "Photos@2x.png"; sourceTree = "<group>"; };
		C9D7E26A17C05056002466D5 /* PushBack.app */ = {isa = PBXFileReference; explicitFileType = wrapper.application; includeInIndex = 0; path = PushBack.app; sourceTree = BUILT_PRODUCTS_DIR; };
		C9D7E26D17C05056002466D5 /* Foundation.framework */ = {isa = PBXFileReference; lastKnownFileType = wrapper.framework; name = Foundation.framework; path = System/Library/Frameworks/Foundation.framework; sourceTree = SDKROOT; };
		C9D7E26F17C05056002466D5 /* CoreGraphics.framework */ = {isa = PBXFileReference; lastKnownFileType = wrapper.framework; name = CoreGraphics.framework; path = System/Library/Frameworks/CoreGraphics.framework; sourceTree = SDKROOT; };
		C9D7E27117C05056002466D5 /* UIKit.framework */ = {isa = PBXFileReference; lastKnownFileType = wrapper.framework; name = UIKit.framework; path = System/Library/Frameworks/UIKit.framework; sourceTree = SDKROOT; };
		C9D7E27517C05056002466D5 /* PushBack-Info.plist */ = {isa = PBXFileReference; lastKnownFileType = text.plist.xml; path = "PushBack-Info.plist"; sourceTree = "<group>"; };
		C9D7E27717C05056002466D5 /* en */ = {isa = PBXFileReference; lastKnownFileType = text.plist.strings; name = en; path = en.lproj/InfoPlist.strings; sourceTree = "<group>"; };
		C9D7E27917C05056002466D5 /* main.m */ = {isa = PBXFileReference; lastKnownFileType = sourcecode.c.objc; path = main.m; sourceTree = "<group>"; };
		C9D7E27B17C05056002466D5 /* PushBack-Prefix.pch */ = {isa = PBXFileReference; lastKnownFileType = sourcecode.c.h; path = "PushBack-Prefix.pch"; sourceTree = "<group>"; };
		C9D7E27C17C05056002466D5 /* MTZAppDelegate.h */ = {isa = PBXFileReference; lastKnownFileType = sourcecode.c.h; path = MTZAppDelegate.h; sourceTree = "<group>"; };
		C9D7E27D17C05056002466D5 /* MTZAppDelegate.m */ = {isa = PBXFileReference; lastKnownFileType = sourcecode.c.objc; path = MTZAppDelegate.m; sourceTree = "<group>"; };
		C9D7E28017C05056002466D5 /* Base */ = {isa = PBXFileReference; lastKnownFileType = file.storyboard; name = Base; path = Base.lproj/Main.storyboard; sourceTree = "<group>"; };
		C9D7E28217C05056002466D5 /* MTZViewController.h */ = {isa = PBXFileReference; lastKnownFileType = sourcecode.c.h; path = MTZViewController.h; sourceTree = "<group>"; };
		C9D7E28317C05056002466D5 /* MTZViewController.m */ = {isa = PBXFileReference; lastKnownFileType = sourcecode.c.objc; path = MTZViewController.m; sourceTree = "<group>"; };
		C9D7E28517C05056002466D5 /* Images.xcassets */ = {isa = PBXFileReference; lastKnownFileType = folder.assetcatalog; path = Images.xcassets; sourceTree = "<group>"; };
		C9D7E28B17C05056002466D5 /* PushBackTests.xctest */ = {isa = PBXFileReference; explicitFileType = wrapper.cfbundle; includeInIndex = 0; path = PushBackTests.xctest; sourceTree = BUILT_PRODUCTS_DIR; };
		C9D7E28C17C05056002466D5 /* XCTest.framework */ = {isa = PBXFileReference; lastKnownFileType = wrapper.framework; name = XCTest.framework; path = Library/Frameworks/XCTest.framework; sourceTree = DEVELOPER_DIR; };
		C9D7E29417C05056002466D5 /* PushBackTests-Info.plist */ = {isa = PBXFileReference; lastKnownFileType = text.plist.xml; path = "PushBackTests-Info.plist"; sourceTree = "<group>"; };
		C9D7E29617C05056002466D5 /* en */ = {isa = PBXFileReference; lastKnownFileType = text.plist.strings; name = en; path = en.lproj/InfoPlist.strings; sourceTree = "<group>"; };
		C9D7E29817C05056002466D5 /* PushBackTests.m */ = {isa = PBXFileReference; lastKnownFileType = sourcecode.c.objc; path = PushBackTests.m; sourceTree = "<group>"; };
		C9D7E2A217C05065002466D5 /* MTZPushBackButton.h */ = {isa = PBXFileReference; fileEncoding = 4; lastKnownFileType = sourcecode.c.h; path = MTZPushBackButton.h; sourceTree = "<group>"; };
		C9D7E2A317C05065002466D5 /* MTZPushBackButton.m */ = {isa = PBXFileReference; fileEncoding = 4; lastKnownFileType = sourcecode.c.objc; path = MTZPushBackButton.m; sourceTree = "<group>"; };
/* End PBXFileReference section */

/* Begin PBXFrameworksBuildPhase section */
		C9D7E26717C05056002466D5 /* Frameworks */ = {
			isa = PBXFrameworksBuildPhase;
			buildActionMask = 2147483647;
			files = (
				C9D7E27017C05056002466D5 /* CoreGraphics.framework in Frameworks */,
				C9D7E27217C05056002466D5 /* UIKit.framework in Frameworks */,
				C9D7E26E17C05056002466D5 /* Foundation.framework in Frameworks */,
			);
			runOnlyForDeploymentPostprocessing = 0;
		};
		C9D7E28817C05056002466D5 /* Frameworks */ = {
			isa = PBXFrameworksBuildPhase;
			buildActionMask = 2147483647;
			files = (
				C9D7E28D17C05056002466D5 /* XCTest.framework in Frameworks */,
				C9D7E28F17C05056002466D5 /* UIKit.framework in Frameworks */,
				C9D7E28E17C05056002466D5 /* Foundation.framework in Frameworks */,
			);
			runOnlyForDeploymentPostprocessing = 0;
		};
/* End PBXFrameworksBuildPhase section */

/* Begin PBXGroup section */
		C9008CDB17C1859100A85121 /* Wallpapers */ = {
			isa = PBXGroup;
			children = (
				C9008CC717C1857F00A85121 /* Alki_Beach_Sunrise.png */,
				C9008CC817C1857F00A85121 /* Blue_Mountain.png */,
				C9008CC917C1857F00A85121 /* Emptiness.png */,
				C9008CCA17C1857F00A85121 /* Fire_Beach.png */,
				C9008CCB17C1857F00A85121 /* Lake_Murten.png */,
				C9008CCC17C1857F00A85121 /* Lastrays.png */,
				C9008CCD17C1857F00A85121 /* Maui_Pastel.png */,
				C9008CCF17C1857F00A85121 /* Morning_Dew_Drop.png */,
				C9008CD017C1857F00A85121 /* Purple.png */,
			);
			name = Wallpapers;
			sourceTree = "<group>";
		};
		C9D7E26117C05056002466D5 = {
			isa = PBXGroup;
			children = (
				C9D7E27317C05056002466D5 /* PushBack */,
				C9D7E29217C05056002466D5 /* PushBackTests */,
				C9D7E26C17C05056002466D5 /* Frameworks */,
				C9D7E26B17C05056002466D5 /* Products */,
			);
			sourceTree = "<group>";
		};
		C9D7E26B17C05056002466D5 /* Products */ = {
			isa = PBXGroup;
			children = (
				C9D7E26A17C05056002466D5 /* PushBack.app */,
				C9D7E28B17C05056002466D5 /* PushBackTests.xctest */,
			);
			name = Products;
			sourceTree = "<group>";
		};
		C9D7E26C17C05056002466D5 /* Frameworks */ = {
			isa = PBXGroup;
			children = (
				C9D7E26D17C05056002466D5 /* Foundation.framework */,
				C9D7E26F17C05056002466D5 /* CoreGraphics.framework */,
				C9D7E27117C05056002466D5 /* UIKit.framework */,
				C9D7E28C17C05056002466D5 /* XCTest.framework */,
			);
			name = Frameworks;
			sourceTree = "<group>";
		};
		C9D7E27317C05056002466D5 /* PushBack */ = {
			isa = PBXGroup;
			children = (
				C9D7E27C17C05056002466D5 /* MTZAppDelegate.h */,
				C9D7E27D17C05056002466D5 /* MTZAppDelegate.m */,
				C9D7E27F17C05056002466D5 /* Main.storyboard */,
				C9D7E28217C05056002466D5 /* MTZViewController.h */,
				C9D7E28317C05056002466D5 /* MTZViewController.m */,
				C9D7E2A217C05065002466D5 /* MTZPushBackButton.h */,
				C9D7E2A317C05065002466D5 /* MTZPushBackButton.m */,
				C9008CA717C1664C00A85121 /* UIImage+Alpha.h */,
				C9008CA817C1665100A85121 /* UIImage+Alpha.m */,
				C9008CDC17C1B8A400A85121 /* UIImage+Mask.h */,
				C9008CDD17C1B8A400A85121 /* UIImage+Mask.m */,
				C9008CB017C17DB000A85121 /* Photos.png */,
				C9662C2217C1418800B4C8F4 /* Photos@2x.png */,
				C90763C117C3134100E85BB3 /* DoublePhotos@2x.png */,
				C90763C217C3134100E85BB3 /* DoublePhotos.png */,
				C9008CDB17C1859100A85121 /* Wallpapers */,
				C9D7E28517C05056002466D5 /* Images.xcassets */,
				C9D7E27417C05056002466D5 /* Supporting Files */,
			);
			path = PushBack;
			sourceTree = "<group>";
		};
		C9D7E27417C05056002466D5 /* Supporting Files */ = {
			isa = PBXGroup;
			children = (
				C9D7E27517C05056002466D5 /* PushBack-Info.plist */,
				C9D7E27617C05056002466D5 /* InfoPlist.strings */,
				C9D7E27917C05056002466D5 /* main.m */,
				C9D7E27B17C05056002466D5 /* PushBack-Prefix.pch */,
			);
			name = "Supporting Files";
			sourceTree = "<group>";
		};
		C9D7E29217C05056002466D5 /* PushBackTests */ = {
			isa = PBXGroup;
			children = (
				C9D7E29817C05056002466D5 /* PushBackTests.m */,
				C9D7E29317C05056002466D5 /* Supporting Files */,
			);
			path = PushBackTests;
			sourceTree = "<group>";
		};
		C9D7E29317C05056002466D5 /* Supporting Files */ = {
			isa = PBXGroup;
			children = (
				C9D7E29417C05056002466D5 /* PushBackTests-Info.plist */,
				C9D7E29517C05056002466D5 /* InfoPlist.strings */,
			);
			name = "Supporting Files";
			sourceTree = "<group>";
		};
/* End PBXGroup section */

/* Begin PBXNativeTarget section */
		C9D7E26917C05056002466D5 /* PushBack */ = {
			isa = PBXNativeTarget;
			buildConfigurationList = C9D7E29C17C05056002466D5 /* Build configuration list for PBXNativeTarget "PushBack" */;
			buildPhases = (
				C9D7E26617C05056002466D5 /* Sources */,
				C9D7E26717C05056002466D5 /* Frameworks */,
				C9D7E26817C05056002466D5 /* Resources */,
			);
			buildRules = (
			);
			dependencies = (
			);
			name = PushBack;
			productName = PushBack;
			productReference = C9D7E26A17C05056002466D5 /* PushBack.app */;
			productType = "com.apple.product-type.application";
		};
		C9D7E28A17C05056002466D5 /* PushBackTests */ = {
			isa = PBXNativeTarget;
			buildConfigurationList = C9D7E29F17C05056002466D5 /* Build configuration list for PBXNativeTarget "PushBackTests" */;
			buildPhases = (
				C9D7E28717C05056002466D5 /* Sources */,
				C9D7E28817C05056002466D5 /* Frameworks */,
				C9D7E28917C05056002466D5 /* Resources */,
			);
			buildRules = (
			);
			dependencies = (
				C9D7E29117C05056002466D5 /* PBXTargetDependency */,
			);
			name = PushBackTests;
			productName = PushBackTests;
			productReference = C9D7E28B17C05056002466D5 /* PushBackTests.xctest */;
			productType = "com.apple.product-type.bundle.unit-test";
		};
/* End PBXNativeTarget section */

/* Begin PBXProject section */
		C9D7E26217C05056002466D5 /* Project object */ = {
			isa = PBXProject;
			attributes = {
				CLASSPREFIX = MTZ;
				LastUpgradeCheck = 0500;
				ORGANIZATIONNAME = "Matt Zanchelli";
				TargetAttributes = {
					C9D7E26917C05056002466D5 = {
						DevelopmentTeam = 3SZ7MS7NXC;
					};
					C9D7E28A17C05056002466D5 = {
						TestTargetID = C9D7E26917C05056002466D5;
					};
				};
			};
			buildConfigurationList = C9D7E26517C05056002466D5 /* Build configuration list for PBXProject "PushBack" */;
			compatibilityVersion = "Xcode 3.2";
			developmentRegion = English;
			hasScannedForEncodings = 0;
			knownRegions = (
				en,
				Base,
			);
			mainGroup = C9D7E26117C05056002466D5;
			productRefGroup = C9D7E26B17C05056002466D5 /* Products */;
			projectDirPath = "";
			projectRoot = "";
			targets = (
				C9D7E26917C05056002466D5 /* PushBack */,
				C9D7E28A17C05056002466D5 /* PushBackTests */,
			);
		};
/* End PBXProject section */

/* Begin PBXResourcesBuildPhase section */
		C9D7E26817C05056002466D5 /* Resources */ = {
			isa = PBXResourcesBuildPhase;
			buildActionMask = 2147483647;
			files = (
				C9008CD317C1857F00A85121 /* Emptiness.png in Resources */,
				C90763C317C3134100E85BB3 /* DoublePhotos@2x.png in Resources */,
				C9662C2317C1418800B4C8F4 /* Photos@2x.png in Resources */,
				C9008CD217C1857F00A85121 /* Blue_Mountain.png in Resources */,
				C9008CD617C1857F00A85121 /* Lastrays.png in Resources */,
				C9008CD517C1857F00A85121 /* Lake_Murten.png in Resources */,
				C9D7E28617C05056002466D5 /* Images.xcassets in Resources */,
				C9008CDA17C1857F00A85121 /* Purple.png in Resources */,
				C9008CD917C1857F00A85121 /* Morning_Dew_Drop.png in Resources */,
				C9008CD717C1857F00A85121 /* Maui_Pastel.png in Resources */,
				C9D7E27817C05056002466D5 /* InfoPlist.strings in Resources */,
				C90763C417C3134100E85BB3 /* DoublePhotos.png in Resources */,
				C9D7E28117C05056002466D5 /* Main.storyboard in Resources */,
				C9008CD117C1857F00A85121 /* Alki_Beach_Sunrise.png in Resources */,
				C9008CB117C17DB000A85121 /* Photos.png in Resources */,
				C9008CD417C1857F00A85121 /* Fire_Beach.png in Resources */,
			);
			runOnlyForDeploymentPostprocessing = 0;
		};
		C9D7E28917C05056002466D5 /* Resources */ = {
			isa = PBXResourcesBuildPhase;
			buildActionMask = 2147483647;
			files = (
				C9D7E29717C05056002466D5 /* InfoPlist.strings in Resources */,
			);
			runOnlyForDeploymentPostprocessing = 0;
		};
/* End PBXResourcesBuildPhase section */

/* Begin PBXSourcesBuildPhase section */
		C9D7E26617C05056002466D5 /* Sources */ = {
			isa = PBXSourcesBuildPhase;
			buildActionMask = 2147483647;
			files = (
				C9D7E2A417C05065002466D5 /* MTZPushBackButton.m in Sources */,
				C9D7E27E17C05056002466D5 /* MTZAppDelegate.m in Sources */,
				C9D7E27A17C05056002466D5 /* main.m in Sources */,
				C9008CDE17C1B8A400A85121 /* UIImage+Mask.m in Sources */,
				C9008CA917C1665100A85121 /* UIImage+Alpha.m in Sources */,
				C9D7E28417C05056002466D5 /* MTZViewController.m in Sources */,
			);
			runOnlyForDeploymentPostprocessing = 0;
		};
		C9D7E28717C05056002466D5 /* Sources */ = {
			isa = PBXSourcesBuildPhase;
			buildActionMask = 2147483647;
			files = (
				C9D7E29917C05056002466D5 /* PushBackTests.m in Sources */,
			);
			runOnlyForDeploymentPostprocessing = 0;
		};
/* End PBXSourcesBuildPhase section */

/* Begin PBXTargetDependency section */
		C9D7E29117C05056002466D5 /* PBXTargetDependency */ = {
			isa = PBXTargetDependency;
			target = C9D7E26917C05056002466D5 /* PushBack */;
			targetProxy = C9D7E29017C05056002466D5 /* PBXContainerItemProxy */;
		};
/* End PBXTargetDependency section */

/* Begin PBXVariantGroup section */
		C9D7E27617C05056002466D5 /* InfoPlist.strings */ = {
			isa = PBXVariantGroup;
			children = (
				C9D7E27717C05056002466D5 /* en */,
			);
			name = InfoPlist.strings;
			sourceTree = "<group>";
		};
		C9D7E27F17C05056002466D5 /* Main.storyboard */ = {
			isa = PBXVariantGroup;
			children = (
				C9D7E28017C05056002466D5 /* Base */,
			);
			name = Main.storyboard;
			sourceTree = "<group>";
		};
		C9D7E29517C05056002466D5 /* InfoPlist.strings */ = {
			isa = PBXVariantGroup;
			children = (
				C9D7E29617C05056002466D5 /* en */,
			);
			name = InfoPlist.strings;
			sourceTree = "<group>";
		};
/* End PBXVariantGroup section */

/* Begin XCBuildConfiguration section */
		C9D7E29A17C05056002466D5 /* Debug */ = {
			isa = XCBuildConfiguration;
			buildSettings = {
				ALWAYS_SEARCH_USER_PATHS = NO;
				CLANG_CXX_LANGUAGE_STANDARD = "gnu++0x";
				CLANG_CXX_LIBRARY = "libc++";
				CLANG_ENABLE_MODULES = YES;
				CLANG_ENABLE_OBJC_ARC = YES;
				CLANG_WARN_BOOL_CONVERSION = YES;
				CLANG_WARN_CONSTANT_CONVERSION = YES;
				CLANG_WARN_DIRECT_OBJC_ISA_USAGE = YES_ERROR;
				CLANG_WARN_EMPTY_BODY = YES;
				CLANG_WARN_ENUM_CONVERSION = YES;
				CLANG_WARN_INT_CONVERSION = YES;
				CLANG_WARN_OBJC_ROOT_CLASS = YES_ERROR;
				CLANG_WARN__DUPLICATE_METHOD_MATCH = YES;
				"CODE_SIGN_IDENTITY[sdk=iphoneos*]" = "iPhone Developer";
				COPY_PHASE_STRIP = NO;
				GCC_C_LANGUAGE_STANDARD = gnu99;
				GCC_DYNAMIC_NO_PIC = NO;
				GCC_OPTIMIZATION_LEVEL = 0;
				GCC_PREPROCESSOR_DEFINITIONS = (
					"DEBUG=1",
					"$(inherited)",
				);
				GCC_SYMBOLS_PRIVATE_EXTERN = NO;
				GCC_WARN_ABOUT_RETURN_TYPE = YES_ERROR;
				GCC_WARN_UNDECLARED_SELECTOR = YES;
				GCC_WARN_UNINITIALIZED_AUTOS = YES;
				GCC_WARN_UNUSED_FUNCTION = YES;
				GCC_WARN_UNUSED_VARIABLE = YES;
				IPHONEOS_DEPLOYMENT_TARGET = 7.0;
				ONLY_ACTIVE_ARCH = YES;
				SDKROOT = iphoneos;
			};
			name = Debug;
		};
		C9D7E29B17C05056002466D5 /* Release */ = {
			isa = XCBuildConfiguration;
			buildSettings = {
				ALWAYS_SEARCH_USER_PATHS = NO;
				CLANG_CXX_LANGUAGE_STANDARD = "gnu++0x";
				CLANG_CXX_LIBRARY = "libc++";
				CLANG_ENABLE_MODULES = YES;
				CLANG_ENABLE_OBJC_ARC = YES;
				CLANG_WARN_BOOL_CONVERSION = YES;
				CLANG_WARN_CONSTANT_CONVERSION = YES;
				CLANG_WARN_DIRECT_OBJC_ISA_USAGE = YES_ERROR;
				CLANG_WARN_EMPTY_BODY = YES;
				CLANG_WARN_ENUM_CONVERSION = YES;
				CLANG_WARN_INT_CONVERSION = YES;
				CLANG_WARN_OBJC_ROOT_CLASS = YES_ERROR;
				CLANG_WARN__DUPLICATE_METHOD_MATCH = YES;
				"CODE_SIGN_IDENTITY[sdk=iphoneos*]" = "iPhone Developer";
				COPY_PHASE_STRIP = YES;
				ENABLE_NS_ASSERTIONS = NO;
				GCC_C_LANGUAGE_STANDARD = gnu99;
				GCC_WARN_ABOUT_RETURN_TYPE = YES_ERROR;
				GCC_WARN_UNDECLARED_SELECTOR = YES;
				GCC_WARN_UNINITIALIZED_AUTOS = YES;
				GCC_WARN_UNUSED_FUNCTION = YES;
				GCC_WARN_UNUSED_VARIABLE = YES;
				IPHONEOS_DEPLOYMENT_TARGET = 7.0;
				SDKROOT = iphoneos;
				VALIDATE_PRODUCT = YES;
			};
			name = Release;
		};
		C9D7E29D17C05056002466D5 /* Debug */ = {
			isa = XCBuildConfiguration;
			buildSettings = {
				ASSETCATALOG_COMPILER_APPICON_NAME = AppIcon;
				ASSETCATALOG_COMPILER_LAUNCHIMAGE_NAME = LaunchImage;
				CODE_SIGN_IDENTITY = "iPhone Developer";
				"CODE_SIGN_IDENTITY[sdk=iphoneos*]" = "iPhone Developer";
				GCC_PRECOMPILE_PREFIX_HEADER = YES;
				GCC_PREFIX_HEADER = "PushBack/PushBack-Prefix.pch";
				INFOPLIST_FILE = "PushBack/PushBack-Info.plist";
				IPHONEOS_DEPLOYMENT_TARGET = 7.0;
				PRODUCT_NAME = "$(TARGET_NAME)";
				PROVISIONING_PROFILE = "";
				WRAPPER_EXTENSION = app;
			};
			name = Debug;
		};
		C9D7E29E17C05056002466D5 /* Release */ = {
			isa = XCBuildConfiguration;
			buildSettings = {
				ASSETCATALOG_COMPILER_APPICON_NAME = AppIcon;
				ASSETCATALOG_COMPILER_LAUNCHIMAGE_NAME = LaunchImage;
				CODE_SIGN_IDENTITY = "iPhone Developer";
				"CODE_SIGN_IDENTITY[sdk=iphoneos*]" = "iPhone Developer";
				GCC_PRECOMPILE_PREFIX_HEADER = YES;
				GCC_PREFIX_HEADER = "PushBack/PushBack-Prefix.pch";
				INFOPLIST_FILE = "PushBack/PushBack-Info.plist";
				IPHONEOS_DEPLOYMENT_TARGET = 7.0;
				PRODUCT_NAME = "$(TARGET_NAME)";
				PROVISIONING_PROFILE = "";
				WRAPPER_EXTENSION = app;
			};
			name = Release;
		};
		C9D7E2A017C05056002466D5 /* Debug */ = {
			isa = XCBuildConfiguration;
			buildSettings = {
				BUNDLE_LOADER = "$(BUILT_PRODUCTS_DIR)/PushBack.app/PushBack";
				FRAMEWORK_SEARCH_PATHS = (
					"$(SDKROOT)/Developer/Library/Frameworks",
					"$(inherited)",
					"$(DEVELOPER_FRAMEWORKS_DIR)",
				);
				GCC_PRECOMPILE_PREFIX_HEADER = YES;
				GCC_PREFIX_HEADER = "PushBack/PushBack-Prefix.pch";
				GCC_PREPROCESSOR_DEFINITIONS = (
					"DEBUG=1",
					"$(inherited)",
				);
				INFOPLIST_FILE = "PushBackTests/PushBackTests-Info.plist";
				PRODUCT_NAME = "$(TARGET_NAME)";
				TEST_HOST = "$(BUNDLE_LOADER)";
				WRAPPER_EXTENSION = xctest;
			};
			name = Debug;
		};
		C9D7E2A117C05056002466D5 /* Release */ = {
			isa = XCBuildConfiguration;
			buildSettings = {
				BUNDLE_LOADER = "$(BUILT_PRODUCTS_DIR)/PushBack.app/PushBack";
				FRAMEWORK_SEARCH_PATHS = (
					"$(SDKROOT)/Developer/Library/Frameworks",
					"$(inherited)",
					"$(DEVELOPER_FRAMEWORKS_DIR)",
				);
				GCC_PRECOMPILE_PREFIX_HEADER = YES;
				GCC_PREFIX_HEADER = "PushBack/PushBack-Prefix.pch";
				INFOPLIST_FILE = "PushBackTests/PushBackTests-Info.plist";
				PRODUCT_NAME = "$(TARGET_NAME)";
				TEST_HOST = "$(BUNDLE_LOADER)";
				WRAPPER_EXTENSION = xctest;
			};
			name = Release;
		};
/* End XCBuildConfiguration section */

/* Begin XCConfigurationList section */
		C9D7E26517C05056002466D5 /* Build configuration list for PBXProject "PushBack" */ = {
			isa = XCConfigurationList;
			buildConfigurations = (
				C9D7E29A17C05056002466D5 /* Debug */,
				C9D7E29B17C05056002466D5 /* Release */,
			);
			defaultConfigurationIsVisible = 0;
			defaultConfigurationName = Release;
		};
		C9D7E29C17C05056002466D5 /* Build configuration list for PBXNativeTarget "PushBack" */ = {
			isa = XCConfigurationList;
			buildConfigurations = (
				C9D7E29D17C05056002466D5 /* Debug */,
				C9D7E29E17C05056002466D5 /* Release */,
			);
			defaultConfigurationIsVisible = 0;
			defaultConfigurationName = Release;
		};
		C9D7E29F17C05056002466D5 /* Build configuration list for PBXNativeTarget "PushBackTests" */ = {
			isa = XCConfigurationList;
			buildConfigurations = (
				C9D7E2A017C05056002466D5 /* Debug */,
				C9D7E2A117C05056002466D5 /* Release */,
			);
			defaultConfigurationIsVisible = 0;
			defaultConfigurationName = Release;
		};
/* End XCConfigurationList section */
	};
	rootObject = C9D7E26217C05056002466D5 /* Project object */;
}
